
Microsoft Visual Studio Solution File, Format Version 12.00
# Visual Studio Version 17
VisualStudioVersion = 17.5.33627.172
MinimumVisualStudioVersion = 10.0.40219.1
Project("{FAE04EC0-301F-11D3-BF4B-00C04F79EFBC}") = "Project-1 - 11a", "Project-1 - 11a\Project-1 - 11a.csproj", "{164E8BBC-5EAD-4AC6-82D5-45066B8254AA}"
EndProject
Global
	GlobalSection(SolutionConfigurationPlatforms) = preSolution
		Debug|Any CPU = Debug|Any CPU
		Release|Any CPU = Release|Any CPU
	EndGlobalSection
	GlobalSection(ProjectConfigurationPlatforms) = postSolution
		{164E8BBC-5EAD-4AC6-82D5-45066B8254AA}.Debug|Any CPU.ActiveCfg = Debug|Any CPU
		{164E8BBC-5EAD-4AC6-82D5-45066B8254AA}.Debug|Any CPU.Build.0 = Debug|Any CPU
		{164E8BBC-5EAD-4AC6-82D5-45066B8254AA}.Release|Any CPU.ActiveCfg = Release|Any CPU
		{164E8BBC-5EAD-4AC6-82D5-45066B8254AA}.Release|Any CPU.Build.0 = Release|Any CPU
	EndGlobalSection
	GlobalSection(SolutionProperties) = preSolution
		HideSolutionNode = FALSE
	EndGlobalSection
	GlobalSection(ExtensibilityGlobals) = postSolution
		SolutionGuid = {A3E5B13F-94C9-4C95-848C-576EEC0E7E9D}
	EndGlobalSection
EndGlobal
